
Microsoft Visual Studio Solution File, Format Version 12.00
# Visual Studio Version 16
VisualStudioVersion = 16.0.29411.108
MinimumVisualStudioVersion = 10.0.40219.1
Project("{FAE04EC0-301F-11D3-BF4B-00C04F79EFBC}") = "Regulacja_V2", "Regulacja_V2.csproj", "{CA79BC79-D936-4B07-A778-4DF6B0106F2D}"
EndProject
Global
	GlobalSection(SolutionConfigurationPlatforms) = preSolution
		Debug|Any CPU = Debug|Any CPU
		Debug|x86 = Debug|x86
		Release|Any CPU = Release|Any CPU
		Release|x86 = Release|x86
	EndGlobalSection
	GlobalSection(ProjectConfigurationPlatforms) = postSolution
		{CA79BC79-D936-4B07-A778-4DF6B0106F2D}.Debug|Any CPU.ActiveCfg = Debug|Any CPU
		{CA79BC79-D936-4B07-A778-4DF6B0106F2D}.Debug|Any CPU.Build.0 = Debug|Any CPU
		{CA79BC79-D936-4B07-A778-4DF6B0106F2D}.Debug|x86.ActiveCfg = Debug|x86
		{CA79BC79-D936-4B07-A778-4DF6B0106F2D}.Debug|x86.Build.0 = Debug|x86
		{CA79BC79-D936-4B07-A778-4DF6B0106F2D}.Release|Any CPU.ActiveCfg = Debug|Any CPU
		{CA79BC79-D936-4B07-A778-4DF6B0106F2D}.Release|Any CPU.Build.0 = Debug|Any CPU
		{CA79BC79-D936-4B07-A778-4DF6B0106F2D}.Release|x86.ActiveCfg = Release|x86
		{CA79BC79-D936-4B07-A778-4DF6B0106F2D}.Release|x86.Build.0 = Release|x86
	EndGlobalSection
	GlobalSection(SolutionProperties) = preSolution
		HideSolutionNode = FALSE
	EndGlobalSection
	GlobalSection(ExtensibilityGlobals) = postSolution
		SolutionGuid = {6B6FA4F7-61B0-4D02-8371-D5CEA5C8BDB2}
	EndGlobalSection
EndGlobal
